
Microsoft Visual Studio Solution File, Format Version 12.00
# Visual Studio Version 17
VisualStudioVersion = 17.5.33502.453
MinimumVisualStudioVersion = 10.0.40219.1
Project("{9A19103F-16F7-4668-BE54-9A1E7A4F7556}") = "TerminalDrawing", "TerminalDrawing\TerminalDrawing.csproj", "{A3AF5A53-A314-41FD-9776-973EE9D60CEA}"
EndProject
Project("{9A19103F-16F7-4668-BE54-9A1E7A4F7556}") = "WinFormsTodoList", "WinFormsTodoList\WinFormsTodoList.csproj", "{D02375CF-C8CF-40BF-BE7F-40B3D9D8BE63}"
EndProject
Project("{9A19103F-16F7-4668-BE54-9A1E7A4F7556}") = "WinFormsSnake", "WinFormsSnake\WinFormsSnake.csproj", "{F7FB9F9B-9B90-4D24-9ACA-2B9A823192B9}"
EndProject
Project("{9A19103F-16F7-4668-BE54-9A1E7A4F7556}") = "BasicMathExpressionParser", "BasicMathExpressionParser\BasicMathExpressionParser.csproj", "{7564CA90-4563-40F7-8F2D-93ACE88774C2}"
EndProject
Project("{9A19103F-16F7-4668-BE54-9A1E7A4F7556}") = "BasicMathExpressionParserTests", "BasicMathExpressionParserTests\BasicMathExpressionParserTests.csproj", "{12A523AC-A4B9-476D-A207-60F2F54E686E}"
EndProject
Project("{9A19103F-16F7-4668-BE54-9A1E7A4F7556}") = "WinFormsTicTacToe", "WinFormsTicTacToe\WinFormsTicTacToe.csproj", "{B234C120-3F48-4AE1-AB0B-CFF84170BE5B}"
EndProject
Project("{9A19103F-16F7-4668-BE54-9A1E7A4F7556}") = "WinFormsCalculator", "WinFormsCalculator\WinFormsCalculator.csproj", "{860AA316-EF46-4F53-B7C7-4F2EEA8DBC13}"
EndProject
Project("{9A19103F-16F7-4668-BE54-9A1E7A4F7556}") = "WinFormsTetris", "WinFormsTetris\WinFormsTetris.csproj", "{E5AA65DA-66B8-4CBC-A956-E5C6201391EE}"
EndProject
Project("{FAE04EC0-301F-11D3-BF4B-00C04F79EFBC}") = "Random-DSA-Stuff", "Random-DSA-Stuff\Random-DSA-Stuff.csproj", "{D1C3770B-E4B7-47A4-9DDA-2AB8FA11CE2E}"
EndProject
Global
	GlobalSection(SolutionConfigurationPlatforms) = preSolution
		Debug|Any CPU = Debug|Any CPU
		Release|Any CPU = Release|Any CPU
	EndGlobalSection
	GlobalSection(ProjectConfigurationPlatforms) = postSolution
		{A3AF5A53-A314-41FD-9776-973EE9D60CEA}.Debug|Any CPU.ActiveCfg = Debug|Any CPU
		{A3AF5A53-A314-41FD-9776-973EE9D60CEA}.Debug|Any CPU.Build.0 = Debug|Any CPU
		{A3AF5A53-A314-41FD-9776-973EE9D60CEA}.Release|Any CPU.ActiveCfg = Release|Any CPU
		{A3AF5A53-A314-41FD-9776-973EE9D60CEA}.Release|Any CPU.Build.0 = Release|Any CPU
		{D02375CF-C8CF-40BF-BE7F-40B3D9D8BE63}.Debug|Any CPU.ActiveCfg = Debug|Any CPU
		{D02375CF-C8CF-40BF-BE7F-40B3D9D8BE63}.Debug|Any CPU.Build.0 = Debug|Any CPU
		{D02375CF-C8CF-40BF-BE7F-40B3D9D8BE63}.Release|Any CPU.ActiveCfg = Release|Any CPU
		{D02375CF-C8CF-40BF-BE7F-40B3D9D8BE63}.Release|Any CPU.Build.0 = Release|Any CPU
		{F7FB9F9B-9B90-4D24-9ACA-2B9A823192B9}.Debug|Any CPU.ActiveCfg = Debug|Any CPU
		{F7FB9F9B-9B90-4D24-9ACA-2B9A823192B9}.Debug|Any CPU.Build.0 = Debug|Any CPU
		{F7FB9F9B-9B90-4D24-9ACA-2B9A823192B9}.Release|Any CPU.ActiveCfg = Release|Any CPU
		{F7FB9F9B-9B90-4D24-9ACA-2B9A823192B9}.Release|Any CPU.Build.0 = Release|Any CPU
		{7564CA90-4563-40F7-8F2D-93ACE88774C2}.Debug|Any CPU.ActiveCfg = Debug|Any CPU
		{7564CA90-4563-40F7-8F2D-93ACE88774C2}.Debug|Any CPU.Build.0 = Debug|Any CPU
		{7564CA90-4563-40F7-8F2D-93ACE88774C2}.Release|Any CPU.ActiveCfg = Release|Any CPU
		{7564CA90-4563-40F7-8F2D-93ACE88774C2}.Release|Any CPU.Build.0 = Release|Any CPU
		{12A523AC-A4B9-476D-A207-60F2F54E686E}.Debug|Any CPU.ActiveCfg = Debug|Any CPU
		{12A523AC-A4B9-476D-A207-60F2F54E686E}.Debug|Any CPU.Build.0 = Debug|Any CPU
		{12A523AC-A4B9-476D-A207-60F2F54E686E}.Release|Any CPU.ActiveCfg = Release|Any CPU
		{12A523AC-A4B9-476D-A207-60F2F54E686E}.Release|Any CPU.Build.0 = Release|Any CPU
		{B234C120-3F48-4AE1-AB0B-CFF84170BE5B}.Debug|Any CPU.ActiveCfg = Debug|Any CPU
		{B234C120-3F48-4AE1-AB0B-CFF84170BE5B}.Debug|Any CPU.Build.0 = Debug|Any CPU
		{B234C120-3F48-4AE1-AB0B-CFF84170BE5B}.Release|Any CPU.ActiveCfg = Release|Any CPU
		{B234C120-3F48-4AE1-AB0B-CFF84170BE5B}.Release|Any CPU.Build.0 = Release|Any CPU
		{860AA316-EF46-4F53-B7C7-4F2EEA8DBC13}.Debug|Any CPU.ActiveCfg = Debug|Any CPU
		{860AA316-EF46-4F53-B7C7-4F2EEA8DBC13}.Debug|Any CPU.Build.0 = Debug|Any CPU
		{860AA316-EF46-4F53-B7C7-4F2EEA8DBC13}.Release|Any CPU.ActiveCfg = Release|Any CPU
		{860AA316-EF46-4F53-B7C7-4F2EEA8DBC13}.Release|Any CPU.Build.0 = Release|Any CPU
		{E5AA65DA-66B8-4CBC-A956-E5C6201391EE}.Debug|Any CPU.ActiveCfg = Debug|Any CPU
		{E5AA65DA-66B8-4CBC-A956-E5C6201391EE}.Debug|Any CPU.Build.0 = Debug|Any CPU
		{E5AA65DA-66B8-4CBC-A956-E5C6201391EE}.Release|Any CPU.ActiveCfg = Release|Any CPU
		{E5AA65DA-66B8-4CBC-A956-E5C6201391EE}.Release|Any CPU.Build.0 = Release|Any CPU
		{D1C3770B-E4B7-47A4-9DDA-2AB8FA11CE2E}.Debug|Any CPU.ActiveCfg = Debug|Any CPU
		{D1C3770B-E4B7-47A4-9DDA-2AB8FA11CE2E}.Debug|Any CPU.Build.0 = Debug|Any CPU
		{D1C3770B-E4B7-47A4-9DDA-2AB8FA11CE2E}.Release|Any CPU.ActiveCfg = Release|Any CPU
		{D1C3770B-E4B7-47A4-9DDA-2AB8FA11CE2E}.Release|Any CPU.Build.0 = Release|Any CPU
	EndGlobalSection
	GlobalSection(SolutionProperties) = preSolution
		HideSolutionNode = FALSE
	EndGlobalSection
	GlobalSection(ExtensibilityGlobals) = postSolution
		SolutionGuid = {9273EFB0-9221-4D52-815D-876B7CC343A9}
	EndGlobalSection
EndGlobal
